
Microsoft Visual Studio Solution File, Format Version 12.00
# Visual Studio Version 16
VisualStudioVersion = 16.0.29409.12
MinimumVisualStudioVersion = 10.0.40219.1
Project("{8BC9CEB8-8B4A-11D0-8D11-00A0C91BC942}") = "IntegerSplitterTester", "IntegerSplitterTester.vcxproj", "{DE59F6E3-3E26-4C19-ADC5-20885DF375B3}"
EndProject
Global
	GlobalSection(SolutionConfigurationPlatforms) = preSolution
		Debug|x64 = Debug|x64
		Debug|x86 = Debug|x86
		Release|x64 = Release|x64
		Release|x86 = Release|x86
	EndGlobalSection
	GlobalSection(ProjectConfigurationPlatforms) = postSolution
		{DE59F6E3-3E26-4C19-ADC5-20885DF375B3}.Debug|x64.ActiveCfg = Debug|x64
		{DE59F6E3-3E26-4C19-ADC5-20885DF375B3}.Debug|x64.Build.0 = Debug|x64
		{DE59F6E3-3E26-4C19-ADC5-20885DF375B3}.Debug|x86.ActiveCfg = Debug|Win32
		{DE59F6E3-3E26-4C19-ADC5-20885DF375B3}.Debug|x86.Build.0 = Debug|Win32
		{DE59F6E3-3E26-4C19-ADC5-20885DF375B3}.Release|x64.ActiveCfg = Release|x64
		{DE59F6E3-3E26-4C19-ADC5-20885DF375B3}.Release|x64.Build.0 = Release|x64
		{DE59F6E3-3E26-4C19-ADC5-20885DF375B3}.Release|x86.ActiveCfg = Release|Win32
		{DE59F6E3-3E26-4C19-ADC5-20885DF375B3}.Release|x86.Build.0 = Release|Win32
	EndGlobalSection
	GlobalSection(SolutionProperties) = preSolution
		HideSolutionNode = FALSE
	EndGlobalSection
	GlobalSection(ExtensibilityGlobals) = postSolution
		SolutionGuid = {C93CFFE6-BF00-4504-A9F0-D467F8B9B66A}
	EndGlobalSection
EndGlobal
